
Microsoft Visual Studio Solution File, Format Version 12.00
# Visual Studio Version 16
VisualStudioVersion = 16.0.31624.102
MinimumVisualStudioVersion = 10.0.40219.1
Project("{FAE04EC0-301F-11D3-BF4B-00C04F79EFBC}") = "BooksSharingOnlineAPI", "BooksSharingOnlineAPI\BooksSharingOnlineAPI.csproj", "{90227B3C-F6B2-4255-A5DE-F897607433E0}"
EndProject
Global
	GlobalSection(SolutionConfigurationPlatforms) = preSolution
		Debug|Any CPU = Debug|Any CPU
		Release|Any CPU = Release|Any CPU
	EndGlobalSection
	GlobalSection(ProjectConfigurationPlatforms) = postSolution
		{90227B3C-F6B2-4255-A5DE-F897607433E0}.Debug|Any CPU.ActiveCfg = Debug|Any CPU
		{90227B3C-F6B2-4255-A5DE-F897607433E0}.Debug|Any CPU.Build.0 = Debug|Any CPU
		{90227B3C-F6B2-4255-A5DE-F897607433E0}.Release|Any CPU.ActiveCfg = Release|Any CPU
		{90227B3C-F6B2-4255-A5DE-F897607433E0}.Release|Any CPU.Build.0 = Release|Any CPU
	EndGlobalSection
	GlobalSection(SolutionProperties) = preSolution
		HideSolutionNode = FALSE
	EndGlobalSection
	GlobalSection(ExtensibilityGlobals) = postSolution
		SolutionGuid = {A0EF17D3-E7B2-4152-B9F3-0FD939C59DD6}
	EndGlobalSection
EndGlobal
